
Microsoft Visual Studio Solution File, Format Version 11.00
# Visual Studio 2010
Project("{FAE04EC0-301F-11D3-BF4B-00C04F79EFBC}") = "GunboundTools", "GunboundTools\GunboundTools.csproj", "{012E1D6A-B900-4432-BF9C-B1F38C99F44B}"
EndProject
Project("{FAE04EC0-301F-11D3-BF4B-00C04F79EFBC}") = "GunboundImageCreator.App", "GunboundImageCreator.App\GunboundImageCreator.App.csproj", "{8213D782-0E96-4B8D-A839-1CE858470628}"
EndProject
Global
	GlobalSection(SubversionScc) = preSolution
		Svn-Managed = True
		Manager = AnkhSVN - Subversion Support for Visual Studio
	EndGlobalSection
	GlobalSection(SolutionConfigurationPlatforms) = preSolution
		Debug|Any CPU = Debug|Any CPU
		Debug|Mixed Platforms = Debug|Mixed Platforms
		Debug|x86 = Debug|x86
		Release|Any CPU = Release|Any CPU
		Release|Mixed Platforms = Release|Mixed Platforms
		Release|x86 = Release|x86
	EndGlobalSection
	GlobalSection(ProjectConfigurationPlatforms) = postSolution
		{012E1D6A-B900-4432-BF9C-B1F38C99F44B}.Debug|Any CPU.ActiveCfg = Debug|Any CPU
		{012E1D6A-B900-4432-BF9C-B1F38C99F44B}.Debug|Any CPU.Build.0 = Debug|Any CPU
		{012E1D6A-B900-4432-BF9C-B1F38C99F44B}.Debug|Mixed Platforms.ActiveCfg = Debug|Any CPU
		{012E1D6A-B900-4432-BF9C-B1F38C99F44B}.Debug|Mixed Platforms.Build.0 = Debug|Any CPU
		{012E1D6A-B900-4432-BF9C-B1F38C99F44B}.Debug|x86.ActiveCfg = Debug|Any CPU
		{012E1D6A-B900-4432-BF9C-B1F38C99F44B}.Release|Any CPU.ActiveCfg = Release|Any CPU
		{012E1D6A-B900-4432-BF9C-B1F38C99F44B}.Release|Any CPU.Build.0 = Release|Any CPU
		{012E1D6A-B900-4432-BF9C-B1F38C99F44B}.Release|Mixed Platforms.ActiveCfg = Release|Any CPU
		{012E1D6A-B900-4432-BF9C-B1F38C99F44B}.Release|Mixed Platforms.Build.0 = Release|Any CPU
		{012E1D6A-B900-4432-BF9C-B1F38C99F44B}.Release|x86.ActiveCfg = Release|Any CPU
		{8213D782-0E96-4B8D-A839-1CE858470628}.Debug|Any CPU.ActiveCfg = Debug|x86
		{8213D782-0E96-4B8D-A839-1CE858470628}.Debug|Mixed Platforms.ActiveCfg = Debug|x86
		{8213D782-0E96-4B8D-A839-1CE858470628}.Debug|Mixed Platforms.Build.0 = Debug|x86
		{8213D782-0E96-4B8D-A839-1CE858470628}.Debug|x86.ActiveCfg = Debug|x86
		{8213D782-0E96-4B8D-A839-1CE858470628}.Debug|x86.Build.0 = Debug|x86
		{8213D782-0E96-4B8D-A839-1CE858470628}.Release|Any CPU.ActiveCfg = Release|x86
		{8213D782-0E96-4B8D-A839-1CE858470628}.Release|Mixed Platforms.ActiveCfg = Release|x86
		{8213D782-0E96-4B8D-A839-1CE858470628}.Release|Mixed Platforms.Build.0 = Release|x86
		{8213D782-0E96-4B8D-A839-1CE858470628}.Release|x86.ActiveCfg = Release|x86
		{8213D782-0E96-4B8D-A839-1CE858470628}.Release|x86.Build.0 = Release|x86
	EndGlobalSection
	GlobalSection(SolutionProperties) = preSolution
		HideSolutionNode = FALSE
	EndGlobalSection
EndGlobal
